
Microsoft Visual Studio Solution File, Format Version 12.00
# Visual Studio Version 16
VisualStudioVersion = 16.0.31729.503
MinimumVisualStudioVersion = 10.0.40219.1
Project("{FAE04EC0-301F-11D3-BF4B-00C04F79EFBC}") = "HRMS", "HRMS\HRMS.csproj", "{9A50745A-8466-42BD-86CC-B9BE5EF1BB6B}"
EndProject
Global
	GlobalSection(SolutionConfigurationPlatforms) = preSolution
		Debug|Any CPU = Debug|Any CPU
		Release|Any CPU = Release|Any CPU
	EndGlobalSection
	GlobalSection(ProjectConfigurationPlatforms) = postSolution
		{9A50745A-8466-42BD-86CC-B9BE5EF1BB6B}.Debug|Any CPU.ActiveCfg = Debug|Any CPU
		{9A50745A-8466-42BD-86CC-B9BE5EF1BB6B}.Debug|Any CPU.Build.0 = Debug|Any CPU
		{9A50745A-8466-42BD-86CC-B9BE5EF1BB6B}.Release|Any CPU.ActiveCfg = Release|Any CPU
		{9A50745A-8466-42BD-86CC-B9BE5EF1BB6B}.Release|Any CPU.Build.0 = Release|Any CPU
	EndGlobalSection
	GlobalSection(SolutionProperties) = preSolution
		HideSolutionNode = FALSE
	EndGlobalSection
	GlobalSection(ExtensibilityGlobals) = postSolution
		SolutionGuid = {489AD106-A596-43AD-94CC-7C98303C4991}
	EndGlobalSection
EndGlobal
